
Microsoft Visual Studio Solution File, Format Version 12.00
# Visual Studio Version 16
VisualStudioVersion = 16.0.32228.343
MinimumVisualStudioVersion = 10.0.40219.1
Project("{FAE04EC0-301F-11D3-BF4B-00C04F79EFBC}") = "SaleHousing(Chupin)", "SaleHousing(Chupin)\SaleHousing(Chupin).csproj", "{FABA2E12-0B2A-469A-BE97-2BE7B79ADC6B}"
EndProject
Global
	GlobalSection(SolutionConfigurationPlatforms) = preSolution
		Debug|Any CPU = Debug|Any CPU
		Release|Any CPU = Release|Any CPU
	EndGlobalSection
	GlobalSection(ProjectConfigurationPlatforms) = postSolution
		{FABA2E12-0B2A-469A-BE97-2BE7B79ADC6B}.Debug|Any CPU.ActiveCfg = Debug|Any CPU
		{FABA2E12-0B2A-469A-BE97-2BE7B79ADC6B}.Debug|Any CPU.Build.0 = Debug|Any CPU
		{FABA2E12-0B2A-469A-BE97-2BE7B79ADC6B}.Release|Any CPU.ActiveCfg = Release|Any CPU
		{FABA2E12-0B2A-469A-BE97-2BE7B79ADC6B}.Release|Any CPU.Build.0 = Release|Any CPU
	EndGlobalSection
	GlobalSection(SolutionProperties) = preSolution
		HideSolutionNode = FALSE
	EndGlobalSection
	GlobalSection(ExtensibilityGlobals) = postSolution
		SolutionGuid = {B03C12AF-FD8F-43AD-A242-4047237F3AF0}
	EndGlobalSection
EndGlobal
